Microsoft Visual Studio Solution File, Format Version 11.00
# Visual Studio 2008

Project("{AAC042BF-5D52-73D6-5D67-8792510F24F5}") = "PrototypeGogniv", "Assembly-CSharp-firstpass.csproj", "{EB5C66BC-1228-A0A4-6761-EE275C20D4B4}"
EndProject
Project("{AAC042BF-5D52-73D6-5D67-8792510F24F5}") = "PrototypeGogniv", "Assembly-CSharp.csproj", "{A461E70B-BED0-C586-9B38-4B2C179973B1}"
EndProject
Project("{AAC042BF-5D52-73D6-5D67-8792510F24F5}") = "PrototypeGogniv", "Assembly-CSharp-Editor.csproj", "{0B35BBEE-A6ED-C682-9C8E-B828768A314D}"
EndProject
Global
	GlobalSection(SolutionConfigurationPlatforms) = preSolution
		Debug|Any CPU = Debug|Any CPU
		Release|Any CPU = Release|Any CPU
	EndGlobalSection
	GlobalSection(ProjectConfigurationPlatforms) = postSolution
		{EB5C66BC-1228-A0A4-6761-EE275C20D4B4}.Debug|Any CPU.ActiveCfg = Debug|Any CPU
		{EB5C66BC-1228-A0A4-6761-EE275C20D4B4}.Debug|Any CPU.Build.0 = Debug|Any CPU
		{EB5C66BC-1228-A0A4-6761-EE275C20D4B4}.Release|Any CPU.ActiveCfg = Release|Any CPU
		{EB5C66BC-1228-A0A4-6761-EE275C20D4B4}.Release|Any CPU.Build.0 = Release|Any CPU
		{A461E70B-BED0-C586-9B38-4B2C179973B1}.Debug|Any CPU.ActiveCfg = Debug|Any CPU
		{A461E70B-BED0-C586-9B38-4B2C179973B1}.Debug|Any CPU.Build.0 = Debug|Any CPU
		{A461E70B-BED0-C586-9B38-4B2C179973B1}.Release|Any CPU.ActiveCfg = Release|Any CPU
		{A461E70B-BED0-C586-9B38-4B2C179973B1}.Release|Any CPU.Build.0 = Release|Any CPU
		{0B35BBEE-A6ED-C682-9C8E-B828768A314D}.Debug|Any CPU.ActiveCfg = Debug|Any CPU
		{0B35BBEE-A6ED-C682-9C8E-B828768A314D}.Debug|Any CPU.Build.0 = Debug|Any CPU
		{0B35BBEE-A6ED-C682-9C8E-B828768A314D}.Release|Any CPU.ActiveCfg = Release|Any CPU
		{0B35BBEE-A6ED-C682-9C8E-B828768A314D}.Release|Any CPU.Build.0 = Release|Any CPU
	EndGlobalSection
	GlobalSection(SolutionProperties) = preSolution
		HideSolutionNode = FALSE
	EndGlobalSection
																																																																																													GlobalSection(MonoDevelopProperties) = preSolution
		StartupItem = Assembly-CSharp.csproj
		Policies = $0
		$0.TextStylePolicy = $1
		$1.inheritsSet = null
		$1.scope = text/x-csharp
		$0.CSharpFormattingPolicy = $2
		$2.inheritsSet = Mono
		$2.inheritsScope = text/x-csharp
		$2.scope = text/x-csharp
		$0.TextStylePolicy = $3
		$3.FileWidth = 120
		$3.TabWidth = 4
		$3.IndentWidth = 4
		$3.EolMarker = Unix
		$3.inheritsSet = Mono
		$3.inheritsScope = text/plain
		$3.scope = text/plain
	EndGlobalSection

EndGlobal
